
Microsoft Visual Studio Solution File, Format Version 12.00
# Visual Studio 2012
Project("{FAE04EC0-301F-11D3-BF4B-00C04F79EFBC}") = "01Cakes", "01Cakes\01Cakes.csproj", "{43D93846-AD63-4A28-98AD-88E3524D3831}"
EndProject
Project("{FAE04EC0-301F-11D3-BF4B-00C04F79EFBC}") = "02Horsy", "02Horsy\02Horsy.csproj", "{71EA1C5C-8C3F-47CB-91A6-526848AA7328}"
EndProject
Project("{FAE04EC0-301F-11D3-BF4B-00C04F79EFBC}") = "04Bonus", "04Bonus\04Bonus.csproj", "{7E392B16-9E4E-43F3-9DC4-0E04E89DDDD9}"
EndProject
Global
	GlobalSection(SolutionConfigurationPlatforms) = preSolution
		Debug|Any CPU = Debug|Any CPU
		Release|Any CPU = Release|Any CPU
	EndGlobalSection
	GlobalSection(ProjectConfigurationPlatforms) = postSolution
		{43D93846-AD63-4A28-98AD-88E3524D3831}.Debug|Any CPU.ActiveCfg = Debug|Any CPU
		{43D93846-AD63-4A28-98AD-88E3524D3831}.Debug|Any CPU.Build.0 = Debug|Any CPU
		{43D93846-AD63-4A28-98AD-88E3524D3831}.Release|Any CPU.ActiveCfg = Release|Any CPU
		{43D93846-AD63-4A28-98AD-88E3524D3831}.Release|Any CPU.Build.0 = Release|Any CPU
		{71EA1C5C-8C3F-47CB-91A6-526848AA7328}.Debug|Any CPU.ActiveCfg = Debug|Any CPU
		{71EA1C5C-8C3F-47CB-91A6-526848AA7328}.Debug|Any CPU.Build.0 = Debug|Any CPU
		{71EA1C5C-8C3F-47CB-91A6-526848AA7328}.Release|Any CPU.ActiveCfg = Release|Any CPU
		{71EA1C5C-8C3F-47CB-91A6-526848AA7328}.Release|Any CPU.Build.0 = Release|Any CPU
		{7E392B16-9E4E-43F3-9DC4-0E04E89DDDD9}.Debug|Any CPU.ActiveCfg = Debug|Any CPU
		{7E392B16-9E4E-43F3-9DC4-0E04E89DDDD9}.Debug|Any CPU.Build.0 = Debug|Any CPU
		{7E392B16-9E4E-43F3-9DC4-0E04E89DDDD9}.Release|Any CPU.ActiveCfg = Release|Any CPU
		{7E392B16-9E4E-43F3-9DC4-0E04E89DDDD9}.Release|Any CPU.Build.0 = Release|Any CPU
	EndGlobalSection
	GlobalSection(SolutionProperties) = preSolution
		HideSolutionNode = FALSE
	EndGlobalSection
EndGlobal
