
Microsoft Visual Studio Solution File, Format Version 12.00
# Visual Studio 2012
Project("{FAE04EC0-301F-11D3-BF4B-00C04F79EFBC}") = "01Task1", "01Task1\01Task1.csproj", "{026A99EA-2D43-49C6-B9CD-17A8CB81F663}"
EndProject
Project("{FAE04EC0-301F-11D3-BF4B-00C04F79EFBC}") = "02Task2", "02Task2\02Task2.csproj", "{90724602-D9D8-4200-9C69-0C0070007CAD}"
EndProject
Global
	GlobalSection(SolutionConfigurationPlatforms) = preSolution
		Debug|Any CPU = Debug|Any CPU
		Release|Any CPU = Release|Any CPU
	EndGlobalSection
	GlobalSection(ProjectConfigurationPlatforms) = postSolution
		{026A99EA-2D43-49C6-B9CD-17A8CB81F663}.Debug|Any CPU.ActiveCfg = Debug|Any CPU
		{026A99EA-2D43-49C6-B9CD-17A8CB81F663}.Debug|Any CPU.Build.0 = Debug|Any CPU
		{026A99EA-2D43-49C6-B9CD-17A8CB81F663}.Release|Any CPU.ActiveCfg = Release|Any CPU
		{026A99EA-2D43-49C6-B9CD-17A8CB81F663}.Release|Any CPU.Build.0 = Release|Any CPU
		{90724602-D9D8-4200-9C69-0C0070007CAD}.Debug|Any CPU.ActiveCfg = Debug|Any CPU
		{90724602-D9D8-4200-9C69-0C0070007CAD}.Debug|Any CPU.Build.0 = Debug|Any CPU
		{90724602-D9D8-4200-9C69-0C0070007CAD}.Release|Any CPU.ActiveCfg = Release|Any CPU
		{90724602-D9D8-4200-9C69-0C0070007CAD}.Release|Any CPU.Build.0 = Release|Any CPU
	EndGlobalSection
	GlobalSection(SolutionProperties) = preSolution
		HideSolutionNode = FALSE
	EndGlobalSection
EndGlobal
