
Microsoft Visual Studio Solution File, Format Version 12.00
# Visual Studio 2012
Project("{FAE04EC0-301F-11D3-BF4B-00C04F79EFBC}") = "01ProperNaming", "01ProperNaming\01ProperNaming.csproj", "{DD8A1EFC-1292-4207-88B4-BC6C8C0D278D}"
EndProject
Project("{FAE04EC0-301F-11D3-BF4B-00C04F79EFBC}") = "02NamingBestPractices", "02NamingBestPractices\02NamingBestPractices.csproj", "{ED8694C5-D8B7-4BFE-BAE9-65668560441B}"
EndProject
Global
	GlobalSection(SolutionConfigurationPlatforms) = preSolution
		Debug|Any CPU = Debug|Any CPU
		Release|Any CPU = Release|Any CPU
	EndGlobalSection
	GlobalSection(ProjectConfigurationPlatforms) = postSolution
		{DD8A1EFC-1292-4207-88B4-BC6C8C0D278D}.Debug|Any CPU.ActiveCfg = Debug|Any CPU
		{DD8A1EFC-1292-4207-88B4-BC6C8C0D278D}.Debug|Any CPU.Build.0 = Debug|Any CPU
		{DD8A1EFC-1292-4207-88B4-BC6C8C0D278D}.Release|Any CPU.ActiveCfg = Release|Any CPU
		{DD8A1EFC-1292-4207-88B4-BC6C8C0D278D}.Release|Any CPU.Build.0 = Release|Any CPU
		{ED8694C5-D8B7-4BFE-BAE9-65668560441B}.Debug|Any CPU.ActiveCfg = Debug|Any CPU
		{ED8694C5-D8B7-4BFE-BAE9-65668560441B}.Debug|Any CPU.Build.0 = Debug|Any CPU
		{ED8694C5-D8B7-4BFE-BAE9-65668560441B}.Release|Any CPU.ActiveCfg = Release|Any CPU
		{ED8694C5-D8B7-4BFE-BAE9-65668560441B}.Release|Any CPU.Build.0 = Release|Any CPU
	EndGlobalSection
	GlobalSection(SolutionProperties) = preSolution
		HideSolutionNode = FALSE
	EndGlobalSection
EndGlobal
