
Microsoft Visual Studio Solution File, Format Version 12.00
# Visual Studio 2012
Project("{FAE04EC0-301F-11D3-BF4B-00C04F79EFBC}") = "01StringClass", "01StringClass\01StringClass.csproj", "{6BC0569D-639C-4888-A0ED-9FC22AD89F76}"
EndProject
Project("{FAE04EC0-301F-11D3-BF4B-00C04F79EFBC}") = "02ReadAString", "02ReadAString\02ReadAString.csproj", "{A63D7DCA-810A-442B-8E42-A052CEFA8C46}"
EndProject
Project("{FAE04EC0-301F-11D3-BF4B-00C04F79EFBC}") = "03CheckExpression", "03CheckExpression\03CheckExpression.csproj", "{600A8668-D169-4FAA-8C78-A5383B224244}"
EndProject
Project("{FAE04EC0-301F-11D3-BF4B-00C04F79EFBC}") = "04CountOccurrence", "04CountOccurrence\04CountOccurrence.csproj", "{9F2EDC89-80A8-4A55-9584-543CE61639A1}"
EndProject
Project("{FAE04EC0-301F-11D3-BF4B-00C04F79EFBC}") = "05ChangeText", "05ChangeText\05ChangeText.csproj", "{00D15E6D-D44D-4163-A116-CA2B8DF77EA2}"
EndProject
Project("{FAE04EC0-301F-11D3-BF4B-00C04F79EFBC}") = "06ReadAString", "06ReadAString\06ReadAString.csproj", "{622658A7-4007-4250-9662-D4E36E817ACE}"
EndProject
Project("{FAE04EC0-301F-11D3-BF4B-00C04F79EFBC}") = "07EncodeAndDecode", "07EncodeAndDecode\07EncodeAndDecode.csproj", "{DBA637B6-F15F-4ED3-AE21-87D8CCFD8EC2}"
EndProject
Project("{FAE04EC0-301F-11D3-BF4B-00C04F79EFBC}") = "08ExtracrSenteces", "08ExtracrSenteces\08ExtracrSenteces.csproj", "{5AF0CABA-0277-4FF6-9B50-8D7B1F172668}"
EndProject
Project("{FAE04EC0-301F-11D3-BF4B-00C04F79EFBC}") = "09ReplaceInString", "09ReplaceInString\09ReplaceInString.csproj", "{B7D414CD-EEC9-4B79-9DFA-0CA59600E6D2}"
EndProject
Project("{FAE04EC0-301F-11D3-BF4B-00C04F79EFBC}") = "10ConvertString", "10ConvertString\10ConvertString.csproj", "{369A45E7-101C-4730-BA8A-6D5EA8DD0517}"
EndProject
Project("{FAE04EC0-301F-11D3-BF4B-00C04F79EFBC}") = "11ReadANumber", "11ReadANumber\11ReadANumber.csproj", "{ED211580-7900-43D5-8D3B-C4AC0DF62F68}"
EndProject
Project("{FAE04EC0-301F-11D3-BF4B-00C04F79EFBC}") = "12ExtractFromString", "12ExtractFromString\12ExtractFromString.csproj", "{201ADCAA-7573-4AE9-A549-D4A7B246F528}"
EndProject
Project("{FAE04EC0-301F-11D3-BF4B-00C04F79EFBC}") = "13ReverseSentence", "13ReverseSentence\13ReverseSentence.csproj", "{FBB11491-DA69-430C-B3B3-798F1E75EA73}"
EndProject
Project("{FAE04EC0-301F-11D3-BF4B-00C04F79EFBC}") = "14Dictionary", "14Dictionary\14Dictionary.csproj", "{1A16D45E-A626-48FC-9F45-603E88A1AD10}"
EndProject
Project("{FAE04EC0-301F-11D3-BF4B-00C04F79EFBC}") = "15ReplaceInHtml", "15ReplaceInHtml\15ReplaceInHtml.csproj", "{09C792B3-9DA2-446F-9148-E8A6D76E58B3}"
EndProject
Project("{FAE04EC0-301F-11D3-BF4B-00C04F79EFBC}") = "16ReadTwoDates", "16ReadTwoDates\16ReadTwoDates.csproj", "{EE5A6051-2693-421B-98BB-687BFF2E8C4B}"
EndProject
Project("{FAE04EC0-301F-11D3-BF4B-00C04F79EFBC}") = "17ReadDate", "17ReadDate\17ReadDate.csproj", "{7E145AB3-A5FF-4D9C-BBA9-634C338882C2}"
EndProject
Project("{FAE04EC0-301F-11D3-BF4B-00C04F79EFBC}") = "18ExtractFromText", "18ExtractFromText\18ExtractFromText.csproj", "{2D519D8B-C3B2-46FE-AFA2-C209DEAC2A40}"
EndProject
Project("{FAE04EC0-301F-11D3-BF4B-00C04F79EFBC}") = "19ExtractFromText", "19ExtractFromText\19ExtractFromText.csproj", "{78F52BBC-0DE6-4750-968B-B3B46A7134A1}"
EndProject
Project("{FAE04EC0-301F-11D3-BF4B-00C04F79EFBC}") = "20ExtractFromText", "20ExtractFromText\20ExtractFromText.csproj", "{E7FEA76C-514E-444D-BA15-B1DDC805F545}"
EndProject
Project("{FAE04EC0-301F-11D3-BF4B-00C04F79EFBC}") = "21ReadAString", "21ReadAString\21ReadAString.csproj", "{9592DF79-BFFF-4325-B5D4-5E58A80F96EE}"
EndProject
Project("{FAE04EC0-301F-11D3-BF4B-00C04F79EFBC}") = "22ReadAString", "22ReadAString\22ReadAString.csproj", "{F6D58D52-D07C-49D3-ABDA-4F6809A5DDF4}"
EndProject
Project("{FAE04EC0-301F-11D3-BF4B-00C04F79EFBC}") = "23ReadAString", "23ReadAString\23ReadAString.csproj", "{AE0D75A6-7D0B-4010-BCE1-CDBAB159040B}"
EndProject
Project("{FAE04EC0-301F-11D3-BF4B-00C04F79EFBC}") = "24ReadAString", "24ReadAString\24ReadAString.csproj", "{48035173-F90E-4263-AE8C-0F3201A53A70}"
EndProject
Project("{FAE04EC0-301F-11D3-BF4B-00C04F79EFBC}") = "25ExtractFromHTML", "25ExtractFromHTML\25ExtractFromHTML.csproj", "{670DD525-3C5B-4ABD-BD54-A912A1AAD420}"
EndProject
Global
	GlobalSection(SolutionConfigurationPlatforms) = preSolution
		Debug|Any CPU = Debug|Any CPU
		Release|Any CPU = Release|Any CPU
	EndGlobalSection
	GlobalSection(ProjectConfigurationPlatforms) = postSolution
		{6BC0569D-639C-4888-A0ED-9FC22AD89F76}.Debug|Any CPU.ActiveCfg = Debug|Any CPU
		{6BC0569D-639C-4888-A0ED-9FC22AD89F76}.Debug|Any CPU.Build.0 = Debug|Any CPU
		{6BC0569D-639C-4888-A0ED-9FC22AD89F76}.Release|Any CPU.ActiveCfg = Release|Any CPU
		{6BC0569D-639C-4888-A0ED-9FC22AD89F76}.Release|Any CPU.Build.0 = Release|Any CPU
		{A63D7DCA-810A-442B-8E42-A052CEFA8C46}.Debug|Any CPU.ActiveCfg = Debug|Any CPU
		{A63D7DCA-810A-442B-8E42-A052CEFA8C46}.Debug|Any CPU.Build.0 = Debug|Any CPU
		{A63D7DCA-810A-442B-8E42-A052CEFA8C46}.Release|Any CPU.ActiveCfg = Release|Any CPU
		{A63D7DCA-810A-442B-8E42-A052CEFA8C46}.Release|Any CPU.Build.0 = Release|Any CPU
		{600A8668-D169-4FAA-8C78-A5383B224244}.Debug|Any CPU.ActiveCfg = Debug|Any CPU
		{600A8668-D169-4FAA-8C78-A5383B224244}.Debug|Any CPU.Build.0 = Debug|Any CPU
		{600A8668-D169-4FAA-8C78-A5383B224244}.Release|Any CPU.ActiveCfg = Release|Any CPU
		{600A8668-D169-4FAA-8C78-A5383B224244}.Release|Any CPU.Build.0 = Release|Any CPU
		{9F2EDC89-80A8-4A55-9584-543CE61639A1}.Debug|Any CPU.ActiveCfg = Debug|Any CPU
		{9F2EDC89-80A8-4A55-9584-543CE61639A1}.Debug|Any CPU.Build.0 = Debug|Any CPU
		{9F2EDC89-80A8-4A55-9584-543CE61639A1}.Release|Any CPU.ActiveCfg = Release|Any CPU
		{9F2EDC89-80A8-4A55-9584-543CE61639A1}.Release|Any CPU.Build.0 = Release|Any CPU
		{00D15E6D-D44D-4163-A116-CA2B8DF77EA2}.Debug|Any CPU.ActiveCfg = Debug|Any CPU
		{00D15E6D-D44D-4163-A116-CA2B8DF77EA2}.Debug|Any CPU.Build.0 = Debug|Any CPU
		{00D15E6D-D44D-4163-A116-CA2B8DF77EA2}.Release|Any CPU.ActiveCfg = Release|Any CPU
		{00D15E6D-D44D-4163-A116-CA2B8DF77EA2}.Release|Any CPU.Build.0 = Release|Any CPU
		{622658A7-4007-4250-9662-D4E36E817ACE}.Debug|Any CPU.ActiveCfg = Debug|Any CPU
		{622658A7-4007-4250-9662-D4E36E817ACE}.Debug|Any CPU.Build.0 = Debug|Any CPU
		{622658A7-4007-4250-9662-D4E36E817ACE}.Release|Any CPU.ActiveCfg = Release|Any CPU
		{622658A7-4007-4250-9662-D4E36E817ACE}.Release|Any CPU.Build.0 = Release|Any CPU
		{DBA637B6-F15F-4ED3-AE21-87D8CCFD8EC2}.Debug|Any CPU.ActiveCfg = Debug|Any CPU
		{DBA637B6-F15F-4ED3-AE21-87D8CCFD8EC2}.Debug|Any CPU.Build.0 = Debug|Any CPU
		{DBA637B6-F15F-4ED3-AE21-87D8CCFD8EC2}.Release|Any CPU.ActiveCfg = Release|Any CPU
		{DBA637B6-F15F-4ED3-AE21-87D8CCFD8EC2}.Release|Any CPU.Build.0 = Release|Any CPU
		{5AF0CABA-0277-4FF6-9B50-8D7B1F172668}.Debug|Any CPU.ActiveCfg = Debug|Any CPU
		{5AF0CABA-0277-4FF6-9B50-8D7B1F172668}.Debug|Any CPU.Build.0 = Debug|Any CPU
		{5AF0CABA-0277-4FF6-9B50-8D7B1F172668}.Release|Any CPU.ActiveCfg = Release|Any CPU
		{5AF0CABA-0277-4FF6-9B50-8D7B1F172668}.Release|Any CPU.Build.0 = Release|Any CPU
		{B7D414CD-EEC9-4B79-9DFA-0CA59600E6D2}.Debug|Any CPU.ActiveCfg = Debug|Any CPU
		{B7D414CD-EEC9-4B79-9DFA-0CA59600E6D2}.Debug|Any CPU.Build.0 = Debug|Any CPU
		{B7D414CD-EEC9-4B79-9DFA-0CA59600E6D2}.Release|Any CPU.ActiveCfg = Release|Any CPU
		{B7D414CD-EEC9-4B79-9DFA-0CA59600E6D2}.Release|Any CPU.Build.0 = Release|Any CPU
		{369A45E7-101C-4730-BA8A-6D5EA8DD0517}.Debug|Any CPU.ActiveCfg = Debug|Any CPU
		{369A45E7-101C-4730-BA8A-6D5EA8DD0517}.Debug|Any CPU.Build.0 = Debug|Any CPU
		{369A45E7-101C-4730-BA8A-6D5EA8DD0517}.Release|Any CPU.ActiveCfg = Release|Any CPU
		{369A45E7-101C-4730-BA8A-6D5EA8DD0517}.Release|Any CPU.Build.0 = Release|Any CPU
		{ED211580-7900-43D5-8D3B-C4AC0DF62F68}.Debug|Any CPU.ActiveCfg = Debug|Any CPU
		{ED211580-7900-43D5-8D3B-C4AC0DF62F68}.Debug|Any CPU.Build.0 = Debug|Any CPU
		{ED211580-7900-43D5-8D3B-C4AC0DF62F68}.Release|Any CPU.ActiveCfg = Release|Any CPU
		{ED211580-7900-43D5-8D3B-C4AC0DF62F68}.Release|Any CPU.Build.0 = Release|Any CPU
		{201ADCAA-7573-4AE9-A549-D4A7B246F528}.Debug|Any CPU.ActiveCfg = Debug|Any CPU
		{201ADCAA-7573-4AE9-A549-D4A7B246F528}.Debug|Any CPU.Build.0 = Debug|Any CPU
		{201ADCAA-7573-4AE9-A549-D4A7B246F528}.Release|Any CPU.ActiveCfg = Release|Any CPU
		{201ADCAA-7573-4AE9-A549-D4A7B246F528}.Release|Any CPU.Build.0 = Release|Any CPU
		{FBB11491-DA69-430C-B3B3-798F1E75EA73}.Debug|Any CPU.ActiveCfg = Debug|Any CPU
		{FBB11491-DA69-430C-B3B3-798F1E75EA73}.Debug|Any CPU.Build.0 = Debug|Any CPU
		{FBB11491-DA69-430C-B3B3-798F1E75EA73}.Release|Any CPU.ActiveCfg = Release|Any CPU
		{FBB11491-DA69-430C-B3B3-798F1E75EA73}.Release|Any CPU.Build.0 = Release|Any CPU
		{1A16D45E-A626-48FC-9F45-603E88A1AD10}.Debug|Any CPU.ActiveCfg = Debug|Any CPU
		{1A16D45E-A626-48FC-9F45-603E88A1AD10}.Debug|Any CPU.Build.0 = Debug|Any CPU
		{1A16D45E-A626-48FC-9F45-603E88A1AD10}.Release|Any CPU.ActiveCfg = Release|Any CPU
		{1A16D45E-A626-48FC-9F45-603E88A1AD10}.Release|Any CPU.Build.0 = Release|Any CPU
		{09C792B3-9DA2-446F-9148-E8A6D76E58B3}.Debug|Any CPU.ActiveCfg = Debug|Any CPU
		{09C792B3-9DA2-446F-9148-E8A6D76E58B3}.Debug|Any CPU.Build.0 = Debug|Any CPU
		{09C792B3-9DA2-446F-9148-E8A6D76E58B3}.Release|Any CPU.ActiveCfg = Release|Any CPU
		{09C792B3-9DA2-446F-9148-E8A6D76E58B3}.Release|Any CPU.Build.0 = Release|Any CPU
		{EE5A6051-2693-421B-98BB-687BFF2E8C4B}.Debug|Any CPU.ActiveCfg = Debug|Any CPU
		{EE5A6051-2693-421B-98BB-687BFF2E8C4B}.Debug|Any CPU.Build.0 = Debug|Any CPU
		{EE5A6051-2693-421B-98BB-687BFF2E8C4B}.Release|Any CPU.ActiveCfg = Release|Any CPU
		{EE5A6051-2693-421B-98BB-687BFF2E8C4B}.Release|Any CPU.Build.0 = Release|Any CPU
		{7E145AB3-A5FF-4D9C-BBA9-634C338882C2}.Debug|Any CPU.ActiveCfg = Debug|Any CPU
		{7E145AB3-A5FF-4D9C-BBA9-634C338882C2}.Debug|Any CPU.Build.0 = Debug|Any CPU
		{7E145AB3-A5FF-4D9C-BBA9-634C338882C2}.Release|Any CPU.ActiveCfg = Release|Any CPU
		{7E145AB3-A5FF-4D9C-BBA9-634C338882C2}.Release|Any CPU.Build.0 = Release|Any CPU
		{2D519D8B-C3B2-46FE-AFA2-C209DEAC2A40}.Debug|Any CPU.ActiveCfg = Debug|Any CPU
		{2D519D8B-C3B2-46FE-AFA2-C209DEAC2A40}.Debug|Any CPU.Build.0 = Debug|Any CPU
		{2D519D8B-C3B2-46FE-AFA2-C209DEAC2A40}.Release|Any CPU.ActiveCfg = Release|Any CPU
		{2D519D8B-C3B2-46FE-AFA2-C209DEAC2A40}.Release|Any CPU.Build.0 = Release|Any CPU
		{78F52BBC-0DE6-4750-968B-B3B46A7134A1}.Debug|Any CPU.ActiveCfg = Debug|Any CPU
		{78F52BBC-0DE6-4750-968B-B3B46A7134A1}.Debug|Any CPU.Build.0 = Debug|Any CPU
		{78F52BBC-0DE6-4750-968B-B3B46A7134A1}.Release|Any CPU.ActiveCfg = Release|Any CPU
		{78F52BBC-0DE6-4750-968B-B3B46A7134A1}.Release|Any CPU.Build.0 = Release|Any CPU
		{E7FEA76C-514E-444D-BA15-B1DDC805F545}.Debug|Any CPU.ActiveCfg = Debug|Any CPU
		{E7FEA76C-514E-444D-BA15-B1DDC805F545}.Debug|Any CPU.Build.0 = Debug|Any CPU
		{E7FEA76C-514E-444D-BA15-B1DDC805F545}.Release|Any CPU.ActiveCfg = Release|Any CPU
		{E7FEA76C-514E-444D-BA15-B1DDC805F545}.Release|Any CPU.Build.0 = Release|Any CPU
		{9592DF79-BFFF-4325-B5D4-5E58A80F96EE}.Debug|Any CPU.ActiveCfg = Debug|Any CPU
		{9592DF79-BFFF-4325-B5D4-5E58A80F96EE}.Debug|Any CPU.Build.0 = Debug|Any CPU
		{9592DF79-BFFF-4325-B5D4-5E58A80F96EE}.Release|Any CPU.ActiveCfg = Release|Any CPU
		{9592DF79-BFFF-4325-B5D4-5E58A80F96EE}.Release|Any CPU.Build.0 = Release|Any CPU
		{F6D58D52-D07C-49D3-ABDA-4F6809A5DDF4}.Debug|Any CPU.ActiveCfg = Debug|Any CPU
		{F6D58D52-D07C-49D3-ABDA-4F6809A5DDF4}.Debug|Any CPU.Build.0 = Debug|Any CPU
		{F6D58D52-D07C-49D3-ABDA-4F6809A5DDF4}.Release|Any CPU.ActiveCfg = Release|Any CPU
		{F6D58D52-D07C-49D3-ABDA-4F6809A5DDF4}.Release|Any CPU.Build.0 = Release|Any CPU
		{AE0D75A6-7D0B-4010-BCE1-CDBAB159040B}.Debug|Any CPU.ActiveCfg = Debug|Any CPU
		{AE0D75A6-7D0B-4010-BCE1-CDBAB159040B}.Debug|Any CPU.Build.0 = Debug|Any CPU
		{AE0D75A6-7D0B-4010-BCE1-CDBAB159040B}.Release|Any CPU.ActiveCfg = Release|Any CPU
		{AE0D75A6-7D0B-4010-BCE1-CDBAB159040B}.Release|Any CPU.Build.0 = Release|Any CPU
		{48035173-F90E-4263-AE8C-0F3201A53A70}.Debug|Any CPU.ActiveCfg = Debug|Any CPU
		{48035173-F90E-4263-AE8C-0F3201A53A70}.Debug|Any CPU.Build.0 = Debug|Any CPU
		{48035173-F90E-4263-AE8C-0F3201A53A70}.Release|Any CPU.ActiveCfg = Release|Any CPU
		{48035173-F90E-4263-AE8C-0F3201A53A70}.Release|Any CPU.Build.0 = Release|Any CPU
		{670DD525-3C5B-4ABD-BD54-A912A1AAD420}.Debug|Any CPU.ActiveCfg = Debug|Any CPU
		{670DD525-3C5B-4ABD-BD54-A912A1AAD420}.Debug|Any CPU.Build.0 = Debug|Any CPU
		{670DD525-3C5B-4ABD-BD54-A912A1AAD420}.Release|Any CPU.ActiveCfg = Release|Any CPU
		{670DD525-3C5B-4ABD-BD54-A912A1AAD420}.Release|Any CPU.Build.0 = Release|Any CPU
	EndGlobalSection
	GlobalSection(SolutionProperties) = preSolution
		HideSolutionNode = FALSE
	EndGlobalSection
EndGlobal
