
Microsoft Visual Studio Solution File, Format Version 12.00
# Visual Studio 2012
Project("{FAE04EC0-301F-11D3-BF4B-00C04F79EFBC}") = "01UglySite1", "01UglySite1\01UglySite1.csproj", "{B121D66E-1ADA-46A7-B552-17F9480D4B90}"
EndProject
Project("{FAE04EC0-301F-11D3-BF4B-00C04F79EFBC}") = "02WebGallery", "02WebGallery\02WebGallery.csproj", "{D6DF97A3-A94F-41C2-ABE4-82106B893858}"
EndProject
Global
	GlobalSection(SolutionConfigurationPlatforms) = preSolution
		Debug|Any CPU = Debug|Any CPU
		Release|Any CPU = Release|Any CPU
	EndGlobalSection
	GlobalSection(ProjectConfigurationPlatforms) = postSolution
		{B121D66E-1ADA-46A7-B552-17F9480D4B90}.Debug|Any CPU.ActiveCfg = Debug|Any CPU
		{B121D66E-1ADA-46A7-B552-17F9480D4B90}.Debug|Any CPU.Build.0 = Debug|Any CPU
		{B121D66E-1ADA-46A7-B552-17F9480D4B90}.Release|Any CPU.ActiveCfg = Release|Any CPU
		{B121D66E-1ADA-46A7-B552-17F9480D4B90}.Release|Any CPU.Build.0 = Release|Any CPU
		{D6DF97A3-A94F-41C2-ABE4-82106B893858}.Debug|Any CPU.ActiveCfg = Debug|Any CPU
		{D6DF97A3-A94F-41C2-ABE4-82106B893858}.Debug|Any CPU.Build.0 = Debug|Any CPU
		{D6DF97A3-A94F-41C2-ABE4-82106B893858}.Release|Any CPU.ActiveCfg = Release|Any CPU
		{D6DF97A3-A94F-41C2-ABE4-82106B893858}.Release|Any CPU.Build.0 = Release|Any CPU
	EndGlobalSection
	GlobalSection(SolutionProperties) = preSolution
		HideSolutionNode = FALSE
	EndGlobalSection
EndGlobal
