
Microsoft Visual Studio Solution File, Format Version 12.00
# Visual Studio 2012
Project("{FAE04EC0-301F-11D3-BF4B-00C04F79EFBC}") = "01Mean", "01Mean\01Mean.csproj", "{31138A22-691F-4ED8-AB49-42AD71761733}"
EndProject
Project("{FAE04EC0-301F-11D3-BF4B-00C04F79EFBC}") = "02WinStart", "02WinStart\02WinStart.csproj", "{EC87AA2C-9C81-4393-AA23-1C8991282EEF}"
EndProject
Project("{FAE04EC0-301F-11D3-BF4B-00C04F79EFBC}") = "03Mean", "03Mean\03Mean.csproj", "{155D60F1-EC06-4CE9-A5D5-C5B9D11B74F3}"
EndProject
Global
	GlobalSection(SolutionConfigurationPlatforms) = preSolution
		Debug|Any CPU = Debug|Any CPU
		Release|Any CPU = Release|Any CPU
	EndGlobalSection
	GlobalSection(ProjectConfigurationPlatforms) = postSolution
		{31138A22-691F-4ED8-AB49-42AD71761733}.Debug|Any CPU.ActiveCfg = Debug|Any CPU
		{31138A22-691F-4ED8-AB49-42AD71761733}.Debug|Any CPU.Build.0 = Debug|Any CPU
		{31138A22-691F-4ED8-AB49-42AD71761733}.Release|Any CPU.ActiveCfg = Release|Any CPU
		{31138A22-691F-4ED8-AB49-42AD71761733}.Release|Any CPU.Build.0 = Release|Any CPU
		{EC87AA2C-9C81-4393-AA23-1C8991282EEF}.Debug|Any CPU.ActiveCfg = Debug|Any CPU
		{EC87AA2C-9C81-4393-AA23-1C8991282EEF}.Debug|Any CPU.Build.0 = Debug|Any CPU
		{EC87AA2C-9C81-4393-AA23-1C8991282EEF}.Release|Any CPU.ActiveCfg = Release|Any CPU
		{EC87AA2C-9C81-4393-AA23-1C8991282EEF}.Release|Any CPU.Build.0 = Release|Any CPU
		{155D60F1-EC06-4CE9-A5D5-C5B9D11B74F3}.Debug|Any CPU.ActiveCfg = Debug|Any CPU
		{155D60F1-EC06-4CE9-A5D5-C5B9D11B74F3}.Debug|Any CPU.Build.0 = Debug|Any CPU
		{155D60F1-EC06-4CE9-A5D5-C5B9D11B74F3}.Release|Any CPU.ActiveCfg = Release|Any CPU
		{155D60F1-EC06-4CE9-A5D5-C5B9D11B74F3}.Release|Any CPU.Build.0 = Release|Any CPU
	EndGlobalSection
	GlobalSection(SolutionProperties) = preSolution
		HideSolutionNode = FALSE
	EndGlobalSection
EndGlobal
