
Microsoft Visual Studio Solution File, Format Version 12.00
# Visual Studio 2012
Project("{FAE04EC0-301F-11D3-BF4B-00C04F79EFBC}") = "01TreeView", "01TreeView\01TreeView.csproj", "{00804C1B-5EB0-47C9-B8B9-E26D028BA319}"
EndProject
Project("{FAE04EC0-301F-11D3-BF4B-00C04F79EFBC}") = "02MusicCategories", "02MusicCategories\02MusicCategories.csproj", "{4E053E26-0114-4BDC-AEF1-DA662FCE456B}"
EndProject
Project("{FAE04EC0-301F-11D3-BF4B-00C04F79EFBC}") = "03FollowingWebsite", "03FollowingWebsite\03FollowingWebsite.csproj", "{29AFC87F-411A-4B5F-8071-8781798BF4AE}"
EndProject
Project("{FAE04EC0-301F-11D3-BF4B-00C04F79EFBC}") = "04WebSite", "04WebSite\04WebSite.csproj", "{4597F326-7D68-40A1-98AF-F7D904AF182E}"
EndProject
Project("{FAE04EC0-301F-11D3-BF4B-00C04F79EFBC}") = "05HTMLPage", "05HTMLPage\05HTMLPage.csproj", "{547164DB-AD5B-4F0B-AC4C-F3D41548603A}"
EndProject
Project("{FAE04EC0-301F-11D3-BF4B-00C04F79EFBC}") = "06NewsSite", "06NewsSite\06NewsSite.csproj", "{1D10DC17-ED29-4AB7-99D9-8CD08B459B3D}"
EndProject
Global
	GlobalSection(SolutionConfigurationPlatforms) = preSolution
		Debug|Any CPU = Debug|Any CPU
		Release|Any CPU = Release|Any CPU
	EndGlobalSection
	GlobalSection(ProjectConfigurationPlatforms) = postSolution
		{00804C1B-5EB0-47C9-B8B9-E26D028BA319}.Debug|Any CPU.ActiveCfg = Debug|Any CPU
		{00804C1B-5EB0-47C9-B8B9-E26D028BA319}.Debug|Any CPU.Build.0 = Debug|Any CPU
		{00804C1B-5EB0-47C9-B8B9-E26D028BA319}.Release|Any CPU.ActiveCfg = Release|Any CPU
		{00804C1B-5EB0-47C9-B8B9-E26D028BA319}.Release|Any CPU.Build.0 = Release|Any CPU
		{4E053E26-0114-4BDC-AEF1-DA662FCE456B}.Debug|Any CPU.ActiveCfg = Debug|Any CPU
		{4E053E26-0114-4BDC-AEF1-DA662FCE456B}.Debug|Any CPU.Build.0 = Debug|Any CPU
		{4E053E26-0114-4BDC-AEF1-DA662FCE456B}.Release|Any CPU.ActiveCfg = Release|Any CPU
		{4E053E26-0114-4BDC-AEF1-DA662FCE456B}.Release|Any CPU.Build.0 = Release|Any CPU
		{29AFC87F-411A-4B5F-8071-8781798BF4AE}.Debug|Any CPU.ActiveCfg = Debug|Any CPU
		{29AFC87F-411A-4B5F-8071-8781798BF4AE}.Debug|Any CPU.Build.0 = Debug|Any CPU
		{29AFC87F-411A-4B5F-8071-8781798BF4AE}.Release|Any CPU.ActiveCfg = Release|Any CPU
		{29AFC87F-411A-4B5F-8071-8781798BF4AE}.Release|Any CPU.Build.0 = Release|Any CPU
		{4597F326-7D68-40A1-98AF-F7D904AF182E}.Debug|Any CPU.ActiveCfg = Debug|Any CPU
		{4597F326-7D68-40A1-98AF-F7D904AF182E}.Debug|Any CPU.Build.0 = Debug|Any CPU
		{4597F326-7D68-40A1-98AF-F7D904AF182E}.Release|Any CPU.ActiveCfg = Release|Any CPU
		{4597F326-7D68-40A1-98AF-F7D904AF182E}.Release|Any CPU.Build.0 = Release|Any CPU
		{547164DB-AD5B-4F0B-AC4C-F3D41548603A}.Debug|Any CPU.ActiveCfg = Debug|Any CPU
		{547164DB-AD5B-4F0B-AC4C-F3D41548603A}.Debug|Any CPU.Build.0 = Debug|Any CPU
		{547164DB-AD5B-4F0B-AC4C-F3D41548603A}.Release|Any CPU.ActiveCfg = Release|Any CPU
		{547164DB-AD5B-4F0B-AC4C-F3D41548603A}.Release|Any CPU.Build.0 = Release|Any CPU
		{1D10DC17-ED29-4AB7-99D9-8CD08B459B3D}.Debug|Any CPU.ActiveCfg = Debug|Any CPU
		{1D10DC17-ED29-4AB7-99D9-8CD08B459B3D}.Debug|Any CPU.Build.0 = Debug|Any CPU
		{1D10DC17-ED29-4AB7-99D9-8CD08B459B3D}.Release|Any CPU.ActiveCfg = Release|Any CPU
		{1D10DC17-ED29-4AB7-99D9-8CD08B459B3D}.Release|Any CPU.Build.0 = Release|Any CPU
	EndGlobalSection
	GlobalSection(SolutionProperties) = preSolution
		HideSolutionNode = FALSE
	EndGlobalSection
EndGlobal
