
Microsoft Visual Studio Solution File, Format Version 12.00
# Visual Studio 2012
Project("{FAE04EC0-301F-11D3-BF4B-00C04F79EFBC}") = "01SelectAllDivInDivs", "SelectAllDivInDivs\01SelectAllDivInDivs.csproj", "{B4B076CF-1F4B-48B1-8FBE-402B09B9ED4F}"
EndProject
Project("{FAE04EC0-301F-11D3-BF4B-00C04F79EFBC}") = "02GetValueOfInput", "02GetValueOfInput\02GetValueOfInput.csproj", "{E9AE9891-A5CD-4422-A45E-8FD7E131325A}"
EndProject
Project("{FAE04EC0-301F-11D3-BF4B-00C04F79EFBC}") = "03GetColourAndSetBackground", "03GetColourAndSetBackground\03GetColourAndSetBackground.csproj", "{4848F090-4109-456B-8AA7-82E3FDFCFC4F}"
EndProject
Global
	GlobalSection(SolutionConfigurationPlatforms) = preSolution
		Debug|Any CPU = Debug|Any CPU
		Release|Any CPU = Release|Any CPU
	EndGlobalSection
	GlobalSection(ProjectConfigurationPlatforms) = postSolution
		{B4B076CF-1F4B-48B1-8FBE-402B09B9ED4F}.Debug|Any CPU.ActiveCfg = Debug|Any CPU
		{B4B076CF-1F4B-48B1-8FBE-402B09B9ED4F}.Debug|Any CPU.Build.0 = Debug|Any CPU
		{B4B076CF-1F4B-48B1-8FBE-402B09B9ED4F}.Release|Any CPU.ActiveCfg = Release|Any CPU
		{B4B076CF-1F4B-48B1-8FBE-402B09B9ED4F}.Release|Any CPU.Build.0 = Release|Any CPU
		{E9AE9891-A5CD-4422-A45E-8FD7E131325A}.Debug|Any CPU.ActiveCfg = Debug|Any CPU
		{E9AE9891-A5CD-4422-A45E-8FD7E131325A}.Debug|Any CPU.Build.0 = Debug|Any CPU
		{E9AE9891-A5CD-4422-A45E-8FD7E131325A}.Release|Any CPU.ActiveCfg = Release|Any CPU
		{E9AE9891-A5CD-4422-A45E-8FD7E131325A}.Release|Any CPU.Build.0 = Release|Any CPU
		{4848F090-4109-456B-8AA7-82E3FDFCFC4F}.Debug|Any CPU.ActiveCfg = Debug|Any CPU
		{4848F090-4109-456B-8AA7-82E3FDFCFC4F}.Debug|Any CPU.Build.0 = Debug|Any CPU
		{4848F090-4109-456B-8AA7-82E3FDFCFC4F}.Release|Any CPU.ActiveCfg = Release|Any CPU
		{4848F090-4109-456B-8AA7-82E3FDFCFC4F}.Release|Any CPU.Build.0 = Release|Any CPU
	EndGlobalSection
	GlobalSection(SolutionProperties) = preSolution
		HideSolutionNode = FALSE
	EndGlobalSection
EndGlobal
