
Microsoft Visual Studio Solution File, Format Version 12.00
# Visual Studio 2012
Project("{FAE04EC0-301F-11D3-BF4B-00C04F79EFBC}") = "01Task1", "01Task1\01Task1.csproj", "{416AD52C-E160-4DEC-85A7-D0DF0636F506}"
EndProject
Project("{FAE04EC0-301F-11D3-BF4B-00C04F79EFBC}") = "01Task2", "01Task2\01Task2.csproj", "{E5E89AF7-F0A1-468E-B564-9660E60537B4}"
EndProject
Project("{FAE04EC0-301F-11D3-BF4B-00C04F79EFBC}") = "01Task3", "01Task3\01Task3.csproj", "{391108F8-97DF-40E5-A9BB-2B2D37A282BA}"
EndProject
Project("{FAE04EC0-301F-11D3-BF4B-00C04F79EFBC}") = "02Task1", "02Task1\02Task1.csproj", "{4045CB5A-A605-46E6-84F8-F749D9497994}"
EndProject
Project("{FAE04EC0-301F-11D3-BF4B-00C04F79EFBC}") = "02Task2", "02Task2\02Task2.csproj", "{BAF6FD90-237D-43C6-B839-09835131461C}"
EndProject
Project("{FAE04EC0-301F-11D3-BF4B-00C04F79EFBC}") = "02Task3", "02Task3\02Task3.csproj", "{33EE9965-54A6-464F-8A19-C29DF72D3E73}"
EndProject
Project("{FAE04EC0-301F-11D3-BF4B-00C04F79EFBC}") = "03Task1", "03Task1\03Task1.csproj", "{1C93B5D4-2BB4-4B1D-9CF0-6E782CB80B47}"
EndProject
Project("{FAE04EC0-301F-11D3-BF4B-00C04F79EFBC}") = "03Task2", "03Task2\03Task2.csproj", "{82C01F6F-EB21-4EB5-8234-EC9752C7E029}"
EndProject
Project("{FAE04EC0-301F-11D3-BF4B-00C04F79EFBC}") = "04Task1", "04Task1\04Task1.csproj", "{3587C890-255F-4F74-86AF-43655171A1FB}"
EndProject
Project("{FAE04EC0-301F-11D3-BF4B-00C04F79EFBC}") = "04Task2", "04Task2\04Task2.csproj", "{01DA303F-0EA7-47BB-AF47-6F8A5FE52300}"
EndProject
Project("{FAE04EC0-301F-11D3-BF4B-00C04F79EFBC}") = "04Task3", "04Task3\04Task3.csproj", "{26073EB5-915A-43F4-9A16-496055292C98}"
EndProject
Global
	GlobalSection(SolutionConfigurationPlatforms) = preSolution
		Debug|Any CPU = Debug|Any CPU
		Release|Any CPU = Release|Any CPU
	EndGlobalSection
	GlobalSection(ProjectConfigurationPlatforms) = postSolution
		{416AD52C-E160-4DEC-85A7-D0DF0636F506}.Debug|Any CPU.ActiveCfg = Debug|Any CPU
		{416AD52C-E160-4DEC-85A7-D0DF0636F506}.Debug|Any CPU.Build.0 = Debug|Any CPU
		{416AD52C-E160-4DEC-85A7-D0DF0636F506}.Release|Any CPU.ActiveCfg = Release|Any CPU
		{416AD52C-E160-4DEC-85A7-D0DF0636F506}.Release|Any CPU.Build.0 = Release|Any CPU
		{E5E89AF7-F0A1-468E-B564-9660E60537B4}.Debug|Any CPU.ActiveCfg = Debug|Any CPU
		{E5E89AF7-F0A1-468E-B564-9660E60537B4}.Debug|Any CPU.Build.0 = Debug|Any CPU
		{E5E89AF7-F0A1-468E-B564-9660E60537B4}.Release|Any CPU.ActiveCfg = Release|Any CPU
		{E5E89AF7-F0A1-468E-B564-9660E60537B4}.Release|Any CPU.Build.0 = Release|Any CPU
		{391108F8-97DF-40E5-A9BB-2B2D37A282BA}.Debug|Any CPU.ActiveCfg = Debug|Any CPU
		{391108F8-97DF-40E5-A9BB-2B2D37A282BA}.Debug|Any CPU.Build.0 = Debug|Any CPU
		{391108F8-97DF-40E5-A9BB-2B2D37A282BA}.Release|Any CPU.ActiveCfg = Release|Any CPU
		{391108F8-97DF-40E5-A9BB-2B2D37A282BA}.Release|Any CPU.Build.0 = Release|Any CPU
		{4045CB5A-A605-46E6-84F8-F749D9497994}.Debug|Any CPU.ActiveCfg = Debug|Any CPU
		{4045CB5A-A605-46E6-84F8-F749D9497994}.Debug|Any CPU.Build.0 = Debug|Any CPU
		{4045CB5A-A605-46E6-84F8-F749D9497994}.Release|Any CPU.ActiveCfg = Release|Any CPU
		{4045CB5A-A605-46E6-84F8-F749D9497994}.Release|Any CPU.Build.0 = Release|Any CPU
		{BAF6FD90-237D-43C6-B839-09835131461C}.Debug|Any CPU.ActiveCfg = Debug|Any CPU
		{BAF6FD90-237D-43C6-B839-09835131461C}.Debug|Any CPU.Build.0 = Debug|Any CPU
		{BAF6FD90-237D-43C6-B839-09835131461C}.Release|Any CPU.ActiveCfg = Release|Any CPU
		{BAF6FD90-237D-43C6-B839-09835131461C}.Release|Any CPU.Build.0 = Release|Any CPU
		{33EE9965-54A6-464F-8A19-C29DF72D3E73}.Debug|Any CPU.ActiveCfg = Debug|Any CPU
		{33EE9965-54A6-464F-8A19-C29DF72D3E73}.Debug|Any CPU.Build.0 = Debug|Any CPU
		{33EE9965-54A6-464F-8A19-C29DF72D3E73}.Release|Any CPU.ActiveCfg = Release|Any CPU
		{33EE9965-54A6-464F-8A19-C29DF72D3E73}.Release|Any CPU.Build.0 = Release|Any CPU
		{1C93B5D4-2BB4-4B1D-9CF0-6E782CB80B47}.Debug|Any CPU.ActiveCfg = Debug|Any CPU
		{1C93B5D4-2BB4-4B1D-9CF0-6E782CB80B47}.Debug|Any CPU.Build.0 = Debug|Any CPU
		{1C93B5D4-2BB4-4B1D-9CF0-6E782CB80B47}.Release|Any CPU.ActiveCfg = Release|Any CPU
		{1C93B5D4-2BB4-4B1D-9CF0-6E782CB80B47}.Release|Any CPU.Build.0 = Release|Any CPU
		{82C01F6F-EB21-4EB5-8234-EC9752C7E029}.Debug|Any CPU.ActiveCfg = Debug|Any CPU
		{82C01F6F-EB21-4EB5-8234-EC9752C7E029}.Debug|Any CPU.Build.0 = Debug|Any CPU
		{82C01F6F-EB21-4EB5-8234-EC9752C7E029}.Release|Any CPU.ActiveCfg = Release|Any CPU
		{82C01F6F-EB21-4EB5-8234-EC9752C7E029}.Release|Any CPU.Build.0 = Release|Any CPU
		{3587C890-255F-4F74-86AF-43655171A1FB}.Debug|Any CPU.ActiveCfg = Debug|Any CPU
		{3587C890-255F-4F74-86AF-43655171A1FB}.Debug|Any CPU.Build.0 = Debug|Any CPU
		{3587C890-255F-4F74-86AF-43655171A1FB}.Release|Any CPU.ActiveCfg = Release|Any CPU
		{3587C890-255F-4F74-86AF-43655171A1FB}.Release|Any CPU.Build.0 = Release|Any CPU
		{01DA303F-0EA7-47BB-AF47-6F8A5FE52300}.Debug|Any CPU.ActiveCfg = Debug|Any CPU
		{01DA303F-0EA7-47BB-AF47-6F8A5FE52300}.Debug|Any CPU.Build.0 = Debug|Any CPU
		{01DA303F-0EA7-47BB-AF47-6F8A5FE52300}.Release|Any CPU.ActiveCfg = Release|Any CPU
		{01DA303F-0EA7-47BB-AF47-6F8A5FE52300}.Release|Any CPU.Build.0 = Release|Any CPU
		{26073EB5-915A-43F4-9A16-496055292C98}.Debug|Any CPU.ActiveCfg = Debug|Any CPU
		{26073EB5-915A-43F4-9A16-496055292C98}.Debug|Any CPU.Build.0 = Debug|Any CPU
		{26073EB5-915A-43F4-9A16-496055292C98}.Release|Any CPU.ActiveCfg = Release|Any CPU
		{26073EB5-915A-43F4-9A16-496055292C98}.Release|Any CPU.Build.0 = Release|Any CPU
	EndGlobalSection
	GlobalSection(SolutionProperties) = preSolution
		HideSolutionNode = FALSE
	EndGlobalSection
EndGlobal
