
Microsoft Visual Studio Solution File, Format Version 12.00
# Visual Studio 2012
Project("{FAE04EC0-301F-11D3-BF4B-00C04F79EFBC}") = "021CoffeMachine", "CoffeMachine\021CoffeMachine.csproj", "{B65982CA-451D-4C88-85D9-E6DD45B7EB37}"
EndProject
Project("{FAE04EC0-301F-11D3-BF4B-00C04F79EFBC}") = "022DrunkenNumbers", "DrunkenNumbers\022DrunkenNumbers.csproj", "{9DE01A9B-A365-4C04-B933-9F4B4D04052A}"
EndProject
Project("{FAE04EC0-301F-11D3-BF4B-00C04F79EFBC}") = "025NullsAndCows", "NullsAndCows\025NullsAndCows.csproj", "{A13E17DB-908B-4184-8C45-47AAE048A414}"
EndProject
Project("{FAE04EC0-301F-11D3-BF4B-00C04F79EFBC}") = "023Fire", "Fire\023Fire.csproj", "{299A7320-4561-42E5-82F5-566901E0D325}"
EndProject
Project("{FAE04EC0-301F-11D3-BF4B-00C04F79EFBC}") = "024Neurons", "Neurons\024Neurons.csproj", "{EE9DE982-6391-4208-8FC2-58A9FDD11D8F}"
EndProject
Project("{FAE04EC0-301F-11D3-BF4B-00C04F79EFBC}") = "011CartesianCoordinateSystem", "011CartesianCoordinateSystem\011CartesianCoordinateSystem.csproj", "{4C8797B3-844C-4A3B-AFD4-DBA91952AAAB}"
EndProject
Project("{FAE04EC0-301F-11D3-BF4B-00C04F79EFBC}") = "012MissCat", "012MissCat\012MissCat.csproj", "{AC59EA7C-6F1B-4F5C-8F04-D88FD3B32604}"
EndProject
Project("{FAE04EC0-301F-11D3-BF4B-00C04F79EFBC}") = "013ForestRoad", "013ForestRoad\013ForestRoad.csproj", "{DF3A70C7-4E30-4472-BA74-E6D5915D2FA0}"
EndProject
Project("{FAE04EC0-301F-11D3-BF4B-00C04F79EFBC}") = "014BinaryDigitsCount", "014BinaryDigitsCount\014BinaryDigitsCount.csproj", "{90194D78-15E8-4CFF-9B34-623D8FF9C810}"
EndProject
Project("{FAE04EC0-301F-11D3-BF4B-00C04F79EFBC}") = "015SubsetSum", "015SubsetSum\015SubsetSum.csproj", "{B3134D68-D69B-4F52-8738-7534647DF823}"
EndProject
Project("{FAE04EC0-301F-11D3-BF4B-00C04F79EFBC}") = "031MathExpression", "031MathExpression\031MathExpression.csproj", "{FC633507-D556-482B-B100-741CA05239A5}"
EndProject
Project("{FAE04EC0-301F-11D3-BF4B-00C04F79EFBC}") = "032LeastMajorityMultiple", "032LeastMajorityMultiple\032LeastMajorityMultiple.csproj", "{07BCCF2A-D3C6-4278-A3DB-61CCD2A6066F}"
EndProject
Project("{FAE04EC0-301F-11D3-BF4B-00C04F79EFBC}") = "033Trapezoid", "033Trapezoid\033Trapezoid.csproj", "{872A8AE0-7312-4D56-A184-D812E005271A}"
EndProject
Project("{FAE04EC0-301F-11D3-BF4B-00C04F79EFBC}") = "034OddNumber", "034OddNumber\034OddNumber.csproj", "{DB5F3D52-3C0B-4D26-80C2-EDA70699ECEC}"
EndProject
Project("{FAE04EC0-301F-11D3-BF4B-00C04F79EFBC}") = "035FallDown", "035FallDown\035FallDown.csproj", "{B93F8506-3C7A-4AAB-91E4-E89E61771423}"
EndProject
Project("{FAE04EC0-301F-11D3-BF4B-00C04F79EFBC}") = "041ShipDamage", "041ShipDamage\041ShipDamage.csproj", "{8B457A5C-3D38-44B6-8B20-0BDC05419395}"
EndProject
Project("{FAE04EC0-301F-11D3-BF4B-00C04F79EFBC}") = "042Tribonacci", "042Tribonacci\042Tribonacci.csproj", "{E12C129D-E6E6-46E0-BD0E-044833DC0071}"
EndProject
Project("{FAE04EC0-301F-11D3-BF4B-00C04F79EFBC}") = "043FirTree", "043FirTree\043FirTree.csproj", "{D62F1F07-60E8-405A-B7EC-11D68F2B33DA}"
EndProject
Project("{FAE04EC0-301F-11D3-BF4B-00C04F79EFBC}") = "044WeAllLoveBits", "044WeAllLoveBits\044WeAllLoveBits.csproj", "{8977E781-F6DC-4980-B20E-871953A6F001}"
EndProject
Project("{FAE04EC0-301F-11D3-BF4B-00C04F79EFBC}") = "045Pillars", "045Pillars\045Pillars.csproj", "{5006E598-6347-4187-92AF-9A1CBDDAFB41}"
EndProject
Project("{FAE04EC0-301F-11D3-BF4B-00C04F79EFBC}") = "051Garden", "051Garden\051Garden.csproj", "{10604FD3-EFDB-42CF-BA96-BA254FE02499}"
EndProject
Project("{FAE04EC0-301F-11D3-BF4B-00C04F79EFBC}") = "052TheSecretsOfTheNumbers", "052TheSecretsOfTheNumbers\052TheSecretsOfTheNumbers.csproj", "{674EAB95-8FE3-42F9-A127-86DF5EE821DC}"
EndProject
Project("{FAE04EC0-301F-11D3-BF4B-00C04F79EFBC}") = "053CardWarsBatka", "053CardWarsBatka\053CardWarsBatka.csproj", "{763EAB08-0570-485E-8381-3F89DB485FDA}"
EndProject
Project("{FAE04EC0-301F-11D3-BF4B-00C04F79EFBC}") = "054BatGoikosTower", "054BatGoikosTower\054BatGoikosTower.csproj", "{025D8009-6D2C-4FA1-9C62-764D02FF7B44}"
EndProject
Project("{FAE04EC0-301F-11D3-BF4B-00C04F79EFBC}") = "061FighterAttack", "061FighterAttack\061FighterAttack.csproj", "{E8BFAEC7-8AFE-479F-B53D-84F8D4C0FCB1}"
EndProject
Project("{FAE04EC0-301F-11D3-BF4B-00C04F79EFBC}") = "062AstrologicalDigits", "062AstrologicalDigits\062AstrologicalDigits.csproj", "{7E9F3A9C-C31E-4F33-85D1-CF7021E79398}"
EndProject
Project("{FAE04EC0-301F-11D3-BF4B-00C04F79EFBC}") = "063SandGlass", "063SandGlass\063SandGlass.csproj", "{22750773-A6DF-4DDC-A355-E17FB307EDC0}"
EndProject
Project("{FAE04EC0-301F-11D3-BF4B-00C04F79EFBC}") = "064DancingBits", "064DancingBits\064DancingBits.csproj", "{A0D5610A-4E3F-4753-9526-BD84314A6A82}"
EndProject
Project("{FAE04EC0-301F-11D3-BF4B-00C04F79EFBC}") = "071NextDate", "071NextDate\071NextDate.csproj", "{C4E1041C-C312-4CA4-8C27-01A8DBCE6AD5}"
EndProject
Project("{FAE04EC0-301F-11D3-BF4B-00C04F79EFBC}") = "081AmericanPie", "081AmericanPie\081AmericanPie.csproj", "{2A4372E1-CC1F-4D7E-8DA4-2873275C868E}"
EndProject
Global
	GlobalSection(SolutionConfigurationPlatforms) = preSolution
		Debug|Any CPU = Debug|Any CPU
		Release|Any CPU = Release|Any CPU
	EndGlobalSection
	GlobalSection(ProjectConfigurationPlatforms) = postSolution
		{B65982CA-451D-4C88-85D9-E6DD45B7EB37}.Debug|Any CPU.ActiveCfg = Debug|Any CPU
		{B65982CA-451D-4C88-85D9-E6DD45B7EB37}.Debug|Any CPU.Build.0 = Debug|Any CPU
		{B65982CA-451D-4C88-85D9-E6DD45B7EB37}.Release|Any CPU.ActiveCfg = Release|Any CPU
		{B65982CA-451D-4C88-85D9-E6DD45B7EB37}.Release|Any CPU.Build.0 = Release|Any CPU
		{9DE01A9B-A365-4C04-B933-9F4B4D04052A}.Debug|Any CPU.ActiveCfg = Debug|Any CPU
		{9DE01A9B-A365-4C04-B933-9F4B4D04052A}.Debug|Any CPU.Build.0 = Debug|Any CPU
		{9DE01A9B-A365-4C04-B933-9F4B4D04052A}.Release|Any CPU.ActiveCfg = Release|Any CPU
		{9DE01A9B-A365-4C04-B933-9F4B4D04052A}.Release|Any CPU.Build.0 = Release|Any CPU
		{A13E17DB-908B-4184-8C45-47AAE048A414}.Debug|Any CPU.ActiveCfg = Debug|Any CPU
		{A13E17DB-908B-4184-8C45-47AAE048A414}.Debug|Any CPU.Build.0 = Debug|Any CPU
		{A13E17DB-908B-4184-8C45-47AAE048A414}.Release|Any CPU.ActiveCfg = Release|Any CPU
		{A13E17DB-908B-4184-8C45-47AAE048A414}.Release|Any CPU.Build.0 = Release|Any CPU
		{299A7320-4561-42E5-82F5-566901E0D325}.Debug|Any CPU.ActiveCfg = Debug|Any CPU
		{299A7320-4561-42E5-82F5-566901E0D325}.Debug|Any CPU.Build.0 = Debug|Any CPU
		{299A7320-4561-42E5-82F5-566901E0D325}.Release|Any CPU.ActiveCfg = Release|Any CPU
		{299A7320-4561-42E5-82F5-566901E0D325}.Release|Any CPU.Build.0 = Release|Any CPU
		{EE9DE982-6391-4208-8FC2-58A9FDD11D8F}.Debug|Any CPU.ActiveCfg = Debug|Any CPU
		{EE9DE982-6391-4208-8FC2-58A9FDD11D8F}.Debug|Any CPU.Build.0 = Debug|Any CPU
		{EE9DE982-6391-4208-8FC2-58A9FDD11D8F}.Release|Any CPU.ActiveCfg = Release|Any CPU
		{EE9DE982-6391-4208-8FC2-58A9FDD11D8F}.Release|Any CPU.Build.0 = Release|Any CPU
		{4C8797B3-844C-4A3B-AFD4-DBA91952AAAB}.Debug|Any CPU.ActiveCfg = Debug|Any CPU
		{4C8797B3-844C-4A3B-AFD4-DBA91952AAAB}.Debug|Any CPU.Build.0 = Debug|Any CPU
		{4C8797B3-844C-4A3B-AFD4-DBA91952AAAB}.Release|Any CPU.ActiveCfg = Release|Any CPU
		{4C8797B3-844C-4A3B-AFD4-DBA91952AAAB}.Release|Any CPU.Build.0 = Release|Any CPU
		{AC59EA7C-6F1B-4F5C-8F04-D88FD3B32604}.Debug|Any CPU.ActiveCfg = Debug|Any CPU
		{AC59EA7C-6F1B-4F5C-8F04-D88FD3B32604}.Debug|Any CPU.Build.0 = Debug|Any CPU
		{AC59EA7C-6F1B-4F5C-8F04-D88FD3B32604}.Release|Any CPU.ActiveCfg = Release|Any CPU
		{AC59EA7C-6F1B-4F5C-8F04-D88FD3B32604}.Release|Any CPU.Build.0 = Release|Any CPU
		{DF3A70C7-4E30-4472-BA74-E6D5915D2FA0}.Debug|Any CPU.ActiveCfg = Debug|Any CPU
		{DF3A70C7-4E30-4472-BA74-E6D5915D2FA0}.Debug|Any CPU.Build.0 = Debug|Any CPU
		{DF3A70C7-4E30-4472-BA74-E6D5915D2FA0}.Release|Any CPU.ActiveCfg = Release|Any CPU
		{DF3A70C7-4E30-4472-BA74-E6D5915D2FA0}.Release|Any CPU.Build.0 = Release|Any CPU
		{90194D78-15E8-4CFF-9B34-623D8FF9C810}.Debug|Any CPU.ActiveCfg = Debug|Any CPU
		{90194D78-15E8-4CFF-9B34-623D8FF9C810}.Debug|Any CPU.Build.0 = Debug|Any CPU
		{90194D78-15E8-4CFF-9B34-623D8FF9C810}.Release|Any CPU.ActiveCfg = Release|Any CPU
		{90194D78-15E8-4CFF-9B34-623D8FF9C810}.Release|Any CPU.Build.0 = Release|Any CPU
		{B3134D68-D69B-4F52-8738-7534647DF823}.Debug|Any CPU.ActiveCfg = Debug|Any CPU
		{B3134D68-D69B-4F52-8738-7534647DF823}.Debug|Any CPU.Build.0 = Debug|Any CPU
		{B3134D68-D69B-4F52-8738-7534647DF823}.Release|Any CPU.ActiveCfg = Release|Any CPU
		{B3134D68-D69B-4F52-8738-7534647DF823}.Release|Any CPU.Build.0 = Release|Any CPU
		{FC633507-D556-482B-B100-741CA05239A5}.Debug|Any CPU.ActiveCfg = Debug|Any CPU
		{FC633507-D556-482B-B100-741CA05239A5}.Debug|Any CPU.Build.0 = Debug|Any CPU
		{FC633507-D556-482B-B100-741CA05239A5}.Release|Any CPU.ActiveCfg = Release|Any CPU
		{FC633507-D556-482B-B100-741CA05239A5}.Release|Any CPU.Build.0 = Release|Any CPU
		{07BCCF2A-D3C6-4278-A3DB-61CCD2A6066F}.Debug|Any CPU.ActiveCfg = Debug|Any CPU
		{07BCCF2A-D3C6-4278-A3DB-61CCD2A6066F}.Debug|Any CPU.Build.0 = Debug|Any CPU
		{07BCCF2A-D3C6-4278-A3DB-61CCD2A6066F}.Release|Any CPU.ActiveCfg = Release|Any CPU
		{07BCCF2A-D3C6-4278-A3DB-61CCD2A6066F}.Release|Any CPU.Build.0 = Release|Any CPU
		{872A8AE0-7312-4D56-A184-D812E005271A}.Debug|Any CPU.ActiveCfg = Debug|Any CPU
		{872A8AE0-7312-4D56-A184-D812E005271A}.Debug|Any CPU.Build.0 = Debug|Any CPU
		{872A8AE0-7312-4D56-A184-D812E005271A}.Release|Any CPU.ActiveCfg = Release|Any CPU
		{872A8AE0-7312-4D56-A184-D812E005271A}.Release|Any CPU.Build.0 = Release|Any CPU
		{DB5F3D52-3C0B-4D26-80C2-EDA70699ECEC}.Debug|Any CPU.ActiveCfg = Debug|Any CPU
		{DB5F3D52-3C0B-4D26-80C2-EDA70699ECEC}.Debug|Any CPU.Build.0 = Debug|Any CPU
		{DB5F3D52-3C0B-4D26-80C2-EDA70699ECEC}.Release|Any CPU.ActiveCfg = Release|Any CPU
		{DB5F3D52-3C0B-4D26-80C2-EDA70699ECEC}.Release|Any CPU.Build.0 = Release|Any CPU
		{B93F8506-3C7A-4AAB-91E4-E89E61771423}.Debug|Any CPU.ActiveCfg = Debug|Any CPU
		{B93F8506-3C7A-4AAB-91E4-E89E61771423}.Debug|Any CPU.Build.0 = Debug|Any CPU
		{B93F8506-3C7A-4AAB-91E4-E89E61771423}.Release|Any CPU.ActiveCfg = Release|Any CPU
		{B93F8506-3C7A-4AAB-91E4-E89E61771423}.Release|Any CPU.Build.0 = Release|Any CPU
		{8B457A5C-3D38-44B6-8B20-0BDC05419395}.Debug|Any CPU.ActiveCfg = Debug|Any CPU
		{8B457A5C-3D38-44B6-8B20-0BDC05419395}.Debug|Any CPU.Build.0 = Debug|Any CPU
		{8B457A5C-3D38-44B6-8B20-0BDC05419395}.Release|Any CPU.ActiveCfg = Release|Any CPU
		{8B457A5C-3D38-44B6-8B20-0BDC05419395}.Release|Any CPU.Build.0 = Release|Any CPU
		{E12C129D-E6E6-46E0-BD0E-044833DC0071}.Debug|Any CPU.ActiveCfg = Debug|Any CPU
		{E12C129D-E6E6-46E0-BD0E-044833DC0071}.Debug|Any CPU.Build.0 = Debug|Any CPU
		{E12C129D-E6E6-46E0-BD0E-044833DC0071}.Release|Any CPU.ActiveCfg = Release|Any CPU
		{E12C129D-E6E6-46E0-BD0E-044833DC0071}.Release|Any CPU.Build.0 = Release|Any CPU
		{D62F1F07-60E8-405A-B7EC-11D68F2B33DA}.Debug|Any CPU.ActiveCfg = Debug|Any CPU
		{D62F1F07-60E8-405A-B7EC-11D68F2B33DA}.Debug|Any CPU.Build.0 = Debug|Any CPU
		{D62F1F07-60E8-405A-B7EC-11D68F2B33DA}.Release|Any CPU.ActiveCfg = Release|Any CPU
		{D62F1F07-60E8-405A-B7EC-11D68F2B33DA}.Release|Any CPU.Build.0 = Release|Any CPU
		{8977E781-F6DC-4980-B20E-871953A6F001}.Debug|Any CPU.ActiveCfg = Debug|Any CPU
		{8977E781-F6DC-4980-B20E-871953A6F001}.Debug|Any CPU.Build.0 = Debug|Any CPU
		{8977E781-F6DC-4980-B20E-871953A6F001}.Release|Any CPU.ActiveCfg = Release|Any CPU
		{8977E781-F6DC-4980-B20E-871953A6F001}.Release|Any CPU.Build.0 = Release|Any CPU
		{5006E598-6347-4187-92AF-9A1CBDDAFB41}.Debug|Any CPU.ActiveCfg = Debug|Any CPU
		{5006E598-6347-4187-92AF-9A1CBDDAFB41}.Debug|Any CPU.Build.0 = Debug|Any CPU
		{5006E598-6347-4187-92AF-9A1CBDDAFB41}.Release|Any CPU.ActiveCfg = Release|Any CPU
		{5006E598-6347-4187-92AF-9A1CBDDAFB41}.Release|Any CPU.Build.0 = Release|Any CPU
		{10604FD3-EFDB-42CF-BA96-BA254FE02499}.Debug|Any CPU.ActiveCfg = Debug|Any CPU
		{10604FD3-EFDB-42CF-BA96-BA254FE02499}.Debug|Any CPU.Build.0 = Debug|Any CPU
		{10604FD3-EFDB-42CF-BA96-BA254FE02499}.Release|Any CPU.ActiveCfg = Release|Any CPU
		{10604FD3-EFDB-42CF-BA96-BA254FE02499}.Release|Any CPU.Build.0 = Release|Any CPU
		{674EAB95-8FE3-42F9-A127-86DF5EE821DC}.Debug|Any CPU.ActiveCfg = Debug|Any CPU
		{674EAB95-8FE3-42F9-A127-86DF5EE821DC}.Debug|Any CPU.Build.0 = Debug|Any CPU
		{674EAB95-8FE3-42F9-A127-86DF5EE821DC}.Release|Any CPU.ActiveCfg = Release|Any CPU
		{674EAB95-8FE3-42F9-A127-86DF5EE821DC}.Release|Any CPU.Build.0 = Release|Any CPU
		{763EAB08-0570-485E-8381-3F89DB485FDA}.Debug|Any CPU.ActiveCfg = Debug|Any CPU
		{763EAB08-0570-485E-8381-3F89DB485FDA}.Debug|Any CPU.Build.0 = Debug|Any CPU
		{763EAB08-0570-485E-8381-3F89DB485FDA}.Release|Any CPU.ActiveCfg = Release|Any CPU
		{763EAB08-0570-485E-8381-3F89DB485FDA}.Release|Any CPU.Build.0 = Release|Any CPU
		{025D8009-6D2C-4FA1-9C62-764D02FF7B44}.Debug|Any CPU.ActiveCfg = Debug|Any CPU
		{025D8009-6D2C-4FA1-9C62-764D02FF7B44}.Debug|Any CPU.Build.0 = Debug|Any CPU
		{025D8009-6D2C-4FA1-9C62-764D02FF7B44}.Release|Any CPU.ActiveCfg = Release|Any CPU
		{025D8009-6D2C-4FA1-9C62-764D02FF7B44}.Release|Any CPU.Build.0 = Release|Any CPU
		{E8BFAEC7-8AFE-479F-B53D-84F8D4C0FCB1}.Debug|Any CPU.ActiveCfg = Debug|Any CPU
		{E8BFAEC7-8AFE-479F-B53D-84F8D4C0FCB1}.Debug|Any CPU.Build.0 = Debug|Any CPU
		{E8BFAEC7-8AFE-479F-B53D-84F8D4C0FCB1}.Release|Any CPU.ActiveCfg = Release|Any CPU
		{E8BFAEC7-8AFE-479F-B53D-84F8D4C0FCB1}.Release|Any CPU.Build.0 = Release|Any CPU
		{7E9F3A9C-C31E-4F33-85D1-CF7021E79398}.Debug|Any CPU.ActiveCfg = Debug|Any CPU
		{7E9F3A9C-C31E-4F33-85D1-CF7021E79398}.Debug|Any CPU.Build.0 = Debug|Any CPU
		{7E9F3A9C-C31E-4F33-85D1-CF7021E79398}.Release|Any CPU.ActiveCfg = Release|Any CPU
		{7E9F3A9C-C31E-4F33-85D1-CF7021E79398}.Release|Any CPU.Build.0 = Release|Any CPU
		{22750773-A6DF-4DDC-A355-E17FB307EDC0}.Debug|Any CPU.ActiveCfg = Debug|Any CPU
		{22750773-A6DF-4DDC-A355-E17FB307EDC0}.Debug|Any CPU.Build.0 = Debug|Any CPU
		{22750773-A6DF-4DDC-A355-E17FB307EDC0}.Release|Any CPU.ActiveCfg = Release|Any CPU
		{22750773-A6DF-4DDC-A355-E17FB307EDC0}.Release|Any CPU.Build.0 = Release|Any CPU
		{A0D5610A-4E3F-4753-9526-BD84314A6A82}.Debug|Any CPU.ActiveCfg = Debug|Any CPU
		{A0D5610A-4E3F-4753-9526-BD84314A6A82}.Debug|Any CPU.Build.0 = Debug|Any CPU
		{A0D5610A-4E3F-4753-9526-BD84314A6A82}.Release|Any CPU.ActiveCfg = Release|Any CPU
		{A0D5610A-4E3F-4753-9526-BD84314A6A82}.Release|Any CPU.Build.0 = Release|Any CPU
		{C4E1041C-C312-4CA4-8C27-01A8DBCE6AD5}.Debug|Any CPU.ActiveCfg = Debug|Any CPU
		{C4E1041C-C312-4CA4-8C27-01A8DBCE6AD5}.Debug|Any CPU.Build.0 = Debug|Any CPU
		{C4E1041C-C312-4CA4-8C27-01A8DBCE6AD5}.Release|Any CPU.ActiveCfg = Release|Any CPU
		{C4E1041C-C312-4CA4-8C27-01A8DBCE6AD5}.Release|Any CPU.Build.0 = Release|Any CPU
		{2A4372E1-CC1F-4D7E-8DA4-2873275C868E}.Debug|Any CPU.ActiveCfg = Debug|Any CPU
		{2A4372E1-CC1F-4D7E-8DA4-2873275C868E}.Debug|Any CPU.Build.0 = Debug|Any CPU
		{2A4372E1-CC1F-4D7E-8DA4-2873275C868E}.Release|Any CPU.ActiveCfg = Release|Any CPU
		{2A4372E1-CC1F-4D7E-8DA4-2873275C868E}.Release|Any CPU.Build.0 = Release|Any CPU
	EndGlobalSection
	GlobalSection(SolutionProperties) = preSolution
		HideSolutionNode = FALSE
	EndGlobalSection
EndGlobal
