
Microsoft Visual Studio Solution File, Format Version 12.00
# Visual Studio 2012
Project("{FAE04EC0-301F-11D3-BF4B-00C04F79EFBC}") = "01WalkingMario", "01WalkingMario\01WalkingMario.csproj", "{57948AB7-8FFD-46EA-B7AF-FF6A6A05FCA3}"
EndProject
Global
	GlobalSection(SolutionConfigurationPlatforms) = preSolution
		Debug|Any CPU = Debug|Any CPU
		Release|Any CPU = Release|Any CPU
	EndGlobalSection
	GlobalSection(ProjectConfigurationPlatforms) = postSolution
		{57948AB7-8FFD-46EA-B7AF-FF6A6A05FCA3}.Debug|Any CPU.ActiveCfg = Debug|Any CPU
		{57948AB7-8FFD-46EA-B7AF-FF6A6A05FCA3}.Debug|Any CPU.Build.0 = Debug|Any CPU
		{57948AB7-8FFD-46EA-B7AF-FF6A6A05FCA3}.Release|Any CPU.ActiveCfg = Release|Any CPU
		{57948AB7-8FFD-46EA-B7AF-FF6A6A05FCA3}.Release|Any CPU.Build.0 = Release|Any CPU
	EndGlobalSection
	GlobalSection(SolutionProperties) = preSolution
		HideSolutionNode = FALSE
	EndGlobalSection
EndGlobal
