
Microsoft Visual Studio Solution File, Format Version 12.00
# Visual Studio 2012
Project("{FAE04EC0-301F-11D3-BF4B-00C04F79EFBC}") = "01CSharpTask", "01CSharpTask\01CSharpTask.csproj", "{D6B7E8C0-BD8B-48CB-B252-18A680B849CD}"
EndProject
Project("{FAE04EC0-301F-11D3-BF4B-00C04F79EFBC}") = "02JSTask", "02JSTask\02JSTask.csproj", "{27752E3A-B672-4666-A4CD-921881D9ED93}"
EndProject
Global
	GlobalSection(SolutionConfigurationPlatforms) = preSolution
		Debug|Any CPU = Debug|Any CPU
		Release|Any CPU = Release|Any CPU
	EndGlobalSection
	GlobalSection(ProjectConfigurationPlatforms) = postSolution
		{D6B7E8C0-BD8B-48CB-B252-18A680B849CD}.Debug|Any CPU.ActiveCfg = Debug|Any CPU
		{D6B7E8C0-BD8B-48CB-B252-18A680B849CD}.Debug|Any CPU.Build.0 = Debug|Any CPU
		{D6B7E8C0-BD8B-48CB-B252-18A680B849CD}.Release|Any CPU.ActiveCfg = Release|Any CPU
		{D6B7E8C0-BD8B-48CB-B252-18A680B849CD}.Release|Any CPU.Build.0 = Release|Any CPU
		{27752E3A-B672-4666-A4CD-921881D9ED93}.Debug|Any CPU.ActiveCfg = Debug|Any CPU
		{27752E3A-B672-4666-A4CD-921881D9ED93}.Debug|Any CPU.Build.0 = Debug|Any CPU
		{27752E3A-B672-4666-A4CD-921881D9ED93}.Release|Any CPU.ActiveCfg = Release|Any CPU
		{27752E3A-B672-4666-A4CD-921881D9ED93}.Release|Any CPU.Build.0 = Release|Any CPU
	EndGlobalSection
	GlobalSection(SolutionProperties) = preSolution
		HideSolutionNode = FALSE
	EndGlobalSection
EndGlobal
